Microsoft Visual Studio Solution File, Format Version 7.00
Project("{FAE04EC0-301F-11D3-BF4B-00C04F79EFBC}") = "XCom", "XCom.csproj", "{66DC3C20-8041-48DD-962B-DEA050F89179}"
EndProject
Global
	GlobalSection(SolutionConfiguration) = preSolution
		ConfigName.0 = Debug
		ConfigName.1 = Release
	EndGlobalSection
	GlobalSection(ProjectDependencies) = postSolution
	EndGlobalSection
	GlobalSection(ProjectConfiguration) = postSolution
		{66DC3C20-8041-48DD-962B-DEA050F89179}.Debug.ActiveCfg = Debug|.NET
		{66DC3C20-8041-48DD-962B-DEA050F89179}.Debug.Build.0 = Debug|.NET
		{66DC3C20-8041-48DD-962B-DEA050F89179}.Release.ActiveCfg = Release|.NET
		{66DC3C20-8041-48DD-962B-DEA050F89179}.Release.Build.0 = Release|.NET
	EndGlobalSection
	GlobalSection(ExtensibilityGlobals) = postSolution
	EndGlobalSection
	GlobalSection(ExtensibilityAddIns) = postSolution
	EndGlobalSection
EndGlobal
